
Microsoft Visual Studio Solution File, Format Version 12.00
# Visual Studio Version 16
VisualStudioVersion = 16.0.29326.143
MinimumVisualStudioVersion = 10.0.40219.1
Project("{FAE04EC0-301F-11D3-BF4B-00C04F79EFBC}") = "FIT5032_Assigment1.2", "FIT5032_Assigment1.2.csproj", "{256DDB76-6939-4705-9E15-53ADDD10415F}"
EndProject
Global
	GlobalSection(SolutionConfigurationPlatforms) = preSolution
		Debug|Any CPU = Debug|Any CPU
		Release|Any CPU = Release|Any CPU
	EndGlobalSection
	GlobalSection(ProjectConfigurationPlatforms) = postSolution
		{256DDB76-6939-4705-9E15-53ADDD10415F}.Debug|Any CPU.ActiveCfg = Debug|Any CPU
		{256DDB76-6939-4705-9E15-53ADDD10415F}.Debug|Any CPU.Build.0 = Debug|Any CPU
		{256DDB76-6939-4705-9E15-53ADDD10415F}.Release|Any CPU.ActiveCfg = Release|Any CPU
		{256DDB76-6939-4705-9E15-53ADDD10415F}.Release|Any CPU.Build.0 = Release|Any CPU
	EndGlobalSection
	GlobalSection(SolutionProperties) = preSolution
		HideSolutionNode = FALSE
	EndGlobalSection
	GlobalSection(ExtensibilityGlobals) = postSolution
		SolutionGuid = {E54B5056-EC5F-49CA-9820-100F75601F1A}
	EndGlobalSection
EndGlobal
